
Microsoft Visual Studio Solution File, Format Version 12.00
# Visual Studio Version 17
VisualStudioVersion = 17.10.35013.160
MinimumVisualStudioVersion = 10.0.40219.1
Project("{FAE04EC0-301F-11D3-BF4B-00C04F79EFBC}") = "DFM_Server", "DFM_Server\DFM_Server.csproj", "{1067519A-35B6-4C20-86A9-668E632B2D04}"
EndProject
Global
	GlobalSection(SolutionConfigurationPlatforms) = preSolution
		Debug|Any CPU = Debug|Any CPU
		Release|Any CPU = Release|Any CPU
	EndGlobalSection
	GlobalSection(ProjectConfigurationPlatforms) = postSolution
		{1067519A-35B6-4C20-86A9-668E632B2D04}.Debug|Any CPU.ActiveCfg = Debug|Any CPU
		{1067519A-35B6-4C20-86A9-668E632B2D04}.Debug|Any CPU.Build.0 = Debug|Any CPU
		{1067519A-35B6-4C20-86A9-668E632B2D04}.Release|Any CPU.ActiveCfg = Release|Any CPU
		{1067519A-35B6-4C20-86A9-668E632B2D04}.Release|Any CPU.Build.0 = Release|Any CPU
	EndGlobalSection
	GlobalSection(SolutionProperties) = preSolution
		HideSolutionNode = FALSE
	EndGlobalSection
	GlobalSection(ExtensibilityGlobals) = postSolution
		SolutionGuid = {C9246377-A950-480C-BFEB-CB425DA606BB}
	EndGlobalSection
EndGlobal
